
Microsoft Visual Studio Solution File, Format Version 12.00
# Visual Studio Version 17
VisualStudioVersion = 17.0.31903.59
MinimumVisualStudioVersion = 10.0.40219.1
Project("{2150E333-8FDC-42A3-9474-1A3956D46DE8}") = "Libraries", "Libraries", "{0D3C1D17-E2B1-4FE9-B41C-E1C2D430A62E}"
EndProject
Project("{FAE04EC0-301F-11D3-BF4B-00C04F79EFBC}") = "GerberLibrary", "GerberLibrary\GerberLibrary.csproj", "{D2C8CC11-7FD4-445B-B3EF-13D158EE0044}"
EndProject
Project("{FAE04EC0-301F-11D3-BF4B-00C04F79EFBC}") = "EagleLoaders", "EagleLoaders\EagleLoaders.csproj", "{5A990B56-56E3-4879-8DF0-26E3EA3BFE70}"
EndProject
Project("{FAE04EC0-301F-11D3-BF4B-00C04F79EFBC}") = "TINRS-ArtWork", "Project_Utilities\TilingLibrary\TINRS-ArtWork.csproj", "{02240A9B-D23C-49F1-8029-1CFAE2AA206C}"
EndProject
Project("{FAE04EC0-301F-11D3-BF4B-00C04F79EFBC}") = "QuickFont", "GerberPanelizer\QuickFont\QuickFont.csproj", "{4A59665E-22E8-4536-87FC-0B7DC7D3C528}"
EndProject
Project("{2150E333-8FDC-42A3-9474-1A3956D46DE8}") = "GUI Applications", "GUI Applications", "{EEF246B4-73EA-43D0-A388-7386AB4456D1}"
EndProject
Project("{FAE04EC0-301F-11D3-BF4B-00C04F79EFBC}") = "QuickGerberRender", "QuickGerberRender\QuickGerberRender.csproj", "{11B108B6-07EF-462D-98A9-E5734F2EBA8B}"
EndProject
Project("{FAE04EC0-301F-11D3-BF4B-00C04F79EFBC}") = "GerberPanelize", "GerberPanelizer\GerberPanelize.csproj", "{27D6E25B-D216-4CCA-B5FD-F9F8E044EBDD}"
EndProject
Project("{FAE04EC0-301F-11D3-BF4B-00C04F79EFBC}") = "GerberViewer", "GerberViewer\GerberViewer.csproj", "{BF7EAB0D-0EAF-437E-A284-13DDADE3EEF9}"
EndProject
Project("{FAE04EC0-301F-11D3-BF4B-00C04F79EFBC}") = "FitBitmapToOutlineAndMerge", "FitBitmapToOutlineAndMerge\FitBitmapToOutlineAndMerge.csproj", "{97B6916F-2DAA-4D88-9B75-5AB6395529E6}"
EndProject
Project("{FAE04EC0-301F-11D3-BF4B-00C04F79EFBC}") = "CaseBuilder", "CaseBuilder\CaseBuilder.csproj", "{7F5EBC6E-179F-4077-B89A-0DB028E9F1E2}"
EndProject
Project("{FAE04EC0-301F-11D3-BF4B-00C04F79EFBC}") = "EagleBoardToCHeader", "EagleBoardToCHeader\EagleBoardToCHeader.csproj", "{7EF762DB-7D44-413D-968E-3A75837EC7C8}"
EndProject
Project("{FAE04EC0-301F-11D3-BF4B-00C04F79EFBC}") = "FrontPanelBuilder", "FrontPanelBuilder\FrontPanelBuilder.csproj", "{D10F87DD-B828-4C0C-9568-C6D54AC04DE4}"
EndProject
Project("{FAE04EC0-301F-11D3-BF4B-00C04F79EFBC}") = "JLCDrop", "JLCDrop\JLCDrop.csproj", "{021A576B-0770-4E9E-8DF7-EEAB04777697}"
EndProject
Project("{FAE04EC0-301F-11D3-BF4B-00C04F79EFBC}") = "FrameDrop", "VScorePanel\FrameDrop.csproj", "{1621C73B-78AB-4296-B9D5-E4652CCEC229}"
EndProject
Project("{FAE04EC0-301F-11D3-BF4B-00C04F79EFBC}") = "ProductionFrame", "ProductionFrame\ProductionFrame.csproj", "{8464F64E-186E-4D0C-A19A-344FDB9B80A5}"
EndProject
Project("{FAE04EC0-301F-11D3-BF4B-00C04F79EFBC}") = "PnP_Processor", "PnP_Processor\PnP_Processor.csproj", "{4A8915BF-970F-4AD0-8CDA-395560FCFF40}"
EndProject
Project("{FAE04EC0-301F-11D3-BF4B-00C04F79EFBC}") = "SolderTool", "SolderTool\SolderTool.csproj", "{BE9FA2A4-E88E-402F-AB90-905964C6FF11}"
EndProject
Project("{FAE04EC0-301F-11D3-BF4B-00C04F79EFBC}") = "TINRS-ArtWorkGenerator", "TINRS-ArtWorkGenerator\TINRS-ArtWorkGenerator.csproj", "{DD3F99E0-1E7D-4024-898E-ED1B44D82F43}"
EndProject
Project("{FAE04EC0-301F-11D3-BF4B-00C04F79EFBC}") = "IconBuilder", "Project_Utilities\IconBuilder\IconBuilder.csproj", "{50AEB205-15D9-4969-94B2-CE3D04057859}"
EndProject
Project("{FAE04EC0-301F-11D3-BF4B-00C04F79EFBC}") = "OpampCalculator", "GerberProjects\OpampCalculator\OpampCalculator.csproj", "{B98E816A-E2BF-4FEF-97B8-38A8358AD5A3}"
EndProject
Project("{2150E333-8FDC-42A3-9474-1A3956D46DE8}") = "CLI Tools", "CLI Tools", "{4DB379C3-1390-410B-A3CE-089B9CCC8736}"
EndProject
Project("{FAE04EC0-301F-11D3-BF4B-00C04F79EFBC}") = "GerberAnalyse", "GerberAnalyse\GerberAnalyse.csproj", "{3B9D4214-CD0C-4F0D-B61B-3CC00B15B050}"
EndProject
Project("{FAE04EC0-301F-11D3-BF4B-00C04F79EFBC}") = "GerberClipper", "GerberClipper\GerberClipper.csproj", "{5641E9B1-4A0B-48DF-87B1-8AAAB43AD4BC}"
EndProject
Project("{FAE04EC0-301F-11D3-BF4B-00C04F79EFBC}") = "GerberCombiner", "GerberCombiner\GerberCombiner.csproj", "{880B7FF4-8F25-485B-9CF0-D71DD995A92B}"
EndProject
Project("{FAE04EC0-301F-11D3-BF4B-00C04F79EFBC}") = "GerberMover", "GerberMover\GerberMover.csproj", "{35FABA48-09D2-4D66-BE1A-06324519A817}"
EndProject
Project("{FAE04EC0-301F-11D3-BF4B-00C04F79EFBC}") = "GerberSanitize", "GerberSanitize\GerberSanitize.csproj", "{DF8A1D58-CCFE-4AC7-A780-1C063F6F9502}"
EndProject
Project("{FAE04EC0-301F-11D3-BF4B-00C04F79EFBC}") = "GerberSubtract", "GerberSubtract\GerberSubtract.csproj", "{F873CA88-E8CF-436D-9FAF-C950832042C2}"
EndProject
Project("{FAE04EC0-301F-11D3-BF4B-00C04F79EFBC}") = "AutoPanelBuilder", "AutoPanelBuilder\AutoPanelBuilder.csproj", "{5776C999-17A5-4644-882B-DD260AAB6D84}"
EndProject
Project("{FAE04EC0-301F-11D3-BF4B-00C04F79EFBC}") = "NFCAntennaBuilder", "AntennaBuilder\NFCAntennaBuilder.csproj", "{C0E5B4CB-ECEE-4E8C-B5FB-A97480629A78}"
EndProject
Project("{FAE04EC0-301F-11D3-BF4B-00C04F79EFBC}") = "BOMConsolidator", "BOMConsolidator\BOMConsolidator.csproj", "{7EDC3376-A0BD-4ADF-BBBC-9A4FD88893F5}"
EndProject
Project("{FAE04EC0-301F-11D3-BF4B-00C04F79EFBC}") = "ProtoBoardGenerator", "ProtoBoardGenerator\ProtoBoardGenerator.csproj", "{39416E0F-3DE2-4633-943C-7A0C20AA5E78}"
EndProject
Project("{FAE04EC0-301F-11D3-BF4B-00C04F79EFBC}") = "LightPipeBuilder", "LightPipeBuilder\LightPipeBuilder.csproj", "{FA299C8A-6B70-40B0-9E95-893CB267C214}"
EndProject
Project("{FAE04EC0-301F-11D3-BF4B-00C04F79EFBC}") = "FrontPanelImageToGerber", "ImageToGerber\FrontPanelImageToGerber.csproj", "{3141AA3B-2077-45AE-8143-5208801FFF50}"
EndProject
Project("{FAE04EC0-301F-11D3-BF4B-00C04F79EFBC}") = "MakeIcon", "MakeIcon\MakeIcon.csproj", "{2E2CA73F-6D62-4B02-A097-D885DB783819}"
EndProject
Project("{FAE04EC0-301F-11D3-BF4B-00C04F79EFBC}") = "IconScanner", "Project_Utilities\IconScanner\IconScanner.csproj", "{CAE0EF35-3178-486E-A11D-778359D6DB7C}"
EndProject
Project("{FAE04EC0-301F-11D3-BF4B-00C04F79EFBC}") = "ReleaseBuilder", "Project_Utilities\ReleaseBuilder\ReleaseBuilder.csproj", "{FA61D92B-714D-4656-803E-1C24AAEB536E}"
EndProject
Project("{FAE04EC0-301F-11D3-BF4B-00C04F79EFBC}") = "EagleLoadTest", "GerberProjects\EagleLoadTest\EagleLoadTest.csproj", "{0CE93197-ED45-4C35-8757-7625F6FB4ACB}"
EndProject
Project("{FAE04EC0-301F-11D3-BF4B-00C04F79EFBC}") = "FrameCreatorTest", "GerberProjects\FrameCreatorTest\FrameCreatorTest.csproj", "{5080F7A0-C231-43FD-8D64-0CB348692DAC}"
EndProject
Project("{2150E333-8FDC-42A3-9474-1A3956D46DE8}") = "DirtyPCBs", "DirtyPCBs", "{CCD7C58F-9D59-4B98-8B3A-E9D4FFE6E4F2}"
EndProject
Project("{FAE04EC0-301F-11D3-BF4B-00C04F79EFBC}") = "DirtyPCB_SickOfBeige", "DirtyPCBs\SickOfBeige\DirtyPCB_SickOfBeige.csproj", "{48F09D6F-8772-4612-8BC2-849C0589C4B3}"
EndProject
Project("{FAE04EC0-301F-11D3-BF4B-00C04F79EFBC}") = "DirtyPCB_BoardStats", "DirtyPCBs\DirtyPCB_BoardStats\DirtyPCB_BoardStats.csproj", "{0F1E582F-E4B3-4CD5-9B01-0E06B727CED2}"
EndProject
Project("{FAE04EC0-301F-11D3-BF4B-00C04F79EFBC}") = "DirtyPCB_BoardRender", "DirtyPCBs\DirtyPCB_BoardRender\DirtyPCB_BoardRender.csproj", "{91DE8447-A92C-427B-B9F5-834C874CF9AB}"
EndProject
Project("{FAE04EC0-301F-11D3-BF4B-00C04F79EFBC}") = "DirtyPCB_DXFStats", "DirtyPCBs\DirtyPCB_DXFStats\DirtyPCB_DXFStats.csproj", "{D0D5E5D3-0788-4FEF-A462-0F94A53BC44F}"
EndProject
Project("{FAE04EC0-301F-11D3-BF4B-00C04F79EFBC}") = "DirtyPCB_Base64Extractor", "DirtyPCBs\Base64Extractor\DirtyPCB_Base64Extractor.csproj", "{FC0528F4-D5CD-43C2-921A-401E6868FDEA}"
EndProject
Project("{FAE04EC0-301F-11D3-BF4B-00C04F79EFBC}") = "DirtyPCB_LocaleTest", "DirtyPCBs\DirtyLocaleTest\DirtyPCB_LocaleTest.csproj", "{7F123B54-C4B5-4513-9EF6-1A127D24B30E}"
EndProject
Project("{FAE04EC0-301F-11D3-BF4B-00C04F79EFBC}") = "CarvedOut", "GerberProjects\CarvedOut\CarvedOut.csproj", "{9C1004CF-2F38-4037-86CE-F8925A8AE298}"
EndProject
Global
	GlobalSection(SolutionConfigurationPlatforms) = preSolution
		Debug|Any CPU = Debug|Any CPU
		Release|Any CPU = Release|Any CPU
	EndGlobalSection
	GlobalSection(SolutionProperties) = preSolution
		HideSolutionNode = FALSE
	EndGlobalSection
	GlobalSection(ProjectConfigurationPlatforms) = postSolution
		{D2C8CC11-7FD4-445B-B3EF-13D158EE0044}.Debug|Any CPU.ActiveCfg = Debug|Any CPU
		{D2C8CC11-7FD4-445B-B3EF-13D158EE0044}.Debug|Any CPU.Build.0 = Debug|Any CPU
		{D2C8CC11-7FD4-445B-B3EF-13D158EE0044}.Release|Any CPU.ActiveCfg = Release|Any CPU
		{D2C8CC11-7FD4-445B-B3EF-13D158EE0044}.Release|Any CPU.Build.0 = Release|Any CPU
		{5A990B56-56E3-4879-8DF0-26E3EA3BFE70}.Debug|Any CPU.ActiveCfg = Debug|Any CPU
		{5A990B56-56E3-4879-8DF0-26E3EA3BFE70}.Debug|Any CPU.Build.0 = Debug|Any CPU
		{5A990B56-56E3-4879-8DF0-26E3EA3BFE70}.Release|Any CPU.ActiveCfg = Release|Any CPU
		{5A990B56-56E3-4879-8DF0-26E3EA3BFE70}.Release|Any CPU.Build.0 = Release|Any CPU
		{02240A9B-D23C-49F1-8029-1CFAE2AA206C}.Debug|Any CPU.ActiveCfg = Debug|Any CPU
		{02240A9B-D23C-49F1-8029-1CFAE2AA206C}.Debug|Any CPU.Build.0 = Debug|Any CPU
		{02240A9B-D23C-49F1-8029-1CFAE2AA206C}.Release|Any CPU.ActiveCfg = Release|Any CPU
		{02240A9B-D23C-49F1-8029-1CFAE2AA206C}.Release|Any CPU.Build.0 = Release|Any CPU
		{4A59665E-22E8-4536-87FC-0B7DC7D3C528}.Debug|Any CPU.ActiveCfg = Debug|Any CPU
		{4A59665E-22E8-4536-87FC-0B7DC7D3C528}.Debug|Any CPU.Build.0 = Debug|Any CPU
		{4A59665E-22E8-4536-87FC-0B7DC7D3C528}.Release|Any CPU.ActiveCfg = Release|Any CPU
		{4A59665E-22E8-4536-87FC-0B7DC7D3C528}.Release|Any CPU.Build.0 = Release|Any CPU
		{11B108B6-07EF-462D-98A9-E5734F2EBA8B}.Debug|Any CPU.ActiveCfg = Debug|Any CPU
		{11B108B6-07EF-462D-98A9-E5734F2EBA8B}.Debug|Any CPU.Build.0 = Debug|Any CPU
		{11B108B6-07EF-462D-98A9-E5734F2EBA8B}.Release|Any CPU.ActiveCfg = Release|Any CPU
		{11B108B6-07EF-462D-98A9-E5734F2EBA8B}.Release|Any CPU.Build.0 = Release|Any CPU
		{27D6E25B-D216-4CCA-B5FD-F9F8E044EBDD}.Debug|Any CPU.ActiveCfg = Debug|Any CPU
		{27D6E25B-D216-4CCA-B5FD-F9F8E044EBDD}.Debug|Any CPU.Build.0 = Debug|Any CPU
		{27D6E25B-D216-4CCA-B5FD-F9F8E044EBDD}.Release|Any CPU.ActiveCfg = Release|Any CPU
		{27D6E25B-D216-4CCA-B5FD-F9F8E044EBDD}.Release|Any CPU.Build.0 = Release|Any CPU
		{BF7EAB0D-0EAF-437E-A284-13DDADE3EEF9}.Debug|Any CPU.ActiveCfg = Debug|Any CPU
		{BF7EAB0D-0EAF-437E-A284-13DDADE3EEF9}.Debug|Any CPU.Build.0 = Debug|Any CPU
		{BF7EAB0D-0EAF-437E-A284-13DDADE3EEF9}.Release|Any CPU.ActiveCfg = Release|Any CPU
		{BF7EAB0D-0EAF-437E-A284-13DDADE3EEF9}.Release|Any CPU.Build.0 = Release|Any CPU
		{97B6916F-2DAA-4D88-9B75-5AB6395529E6}.Debug|Any CPU.ActiveCfg = Debug|Any CPU
		{97B6916F-2DAA-4D88-9B75-5AB6395529E6}.Debug|Any CPU.Build.0 = Debug|Any CPU
		{97B6916F-2DAA-4D88-9B75-5AB6395529E6}.Release|Any CPU.ActiveCfg = Release|Any CPU
		{97B6916F-2DAA-4D88-9B75-5AB6395529E6}.Release|Any CPU.Build.0 = Release|Any CPU
		{7F5EBC6E-179F-4077-B89A-0DB028E9F1E2}.Debug|Any CPU.ActiveCfg = Debug|Any CPU
		{7F5EBC6E-179F-4077-B89A-0DB028E9F1E2}.Debug|Any CPU.Build.0 = Debug|Any CPU
		{7F5EBC6E-179F-4077-B89A-0DB028E9F1E2}.Release|Any CPU.ActiveCfg = Release|Any CPU
		{7F5EBC6E-179F-4077-B89A-0DB028E9F1E2}.Release|Any CPU.Build.0 = Release|Any CPU
		{7EF762DB-7D44-413D-968E-3A75837EC7C8}.Debug|Any CPU.ActiveCfg = Debug|Any CPU
		{7EF762DB-7D44-413D-968E-3A75837EC7C8}.Debug|Any CPU.Build.0 = Debug|Any CPU
		{7EF762DB-7D44-413D-968E-3A75837EC7C8}.Release|Any CPU.ActiveCfg = Release|Any CPU
		{7EF762DB-7D44-413D-968E-3A75837EC7C8}.Release|Any CPU.Build.0 = Release|Any CPU
		{D10F87DD-B828-4C0C-9568-C6D54AC04DE4}.Debug|Any CPU.ActiveCfg = Debug|Any CPU
		{D10F87DD-B828-4C0C-9568-C6D54AC04DE4}.Debug|Any CPU.Build.0 = Debug|Any CPU
		{D10F87DD-B828-4C0C-9568-C6D54AC04DE4}.Release|Any CPU.ActiveCfg = Release|Any CPU
		{D10F87DD-B828-4C0C-9568-C6D54AC04DE4}.Release|Any CPU.Build.0 = Release|Any CPU
		{021A576B-0770-4E9E-8DF7-EEAB04777697}.Debug|Any CPU.ActiveCfg = Debug|Any CPU
		{021A576B-0770-4E9E-8DF7-EEAB04777697}.Debug|Any CPU.Build.0 = Debug|Any CPU
		{021A576B-0770-4E9E-8DF7-EEAB04777697}.Release|Any CPU.ActiveCfg = Release|Any CPU
		{021A576B-0770-4E9E-8DF7-EEAB04777697}.Release|Any CPU.Build.0 = Release|Any CPU
		{1621C73B-78AB-4296-B9D5-E4652CCEC229}.Debug|Any CPU.ActiveCfg = Debug|Any CPU
		{1621C73B-78AB-4296-B9D5-E4652CCEC229}.Debug|Any CPU.Build.0 = Debug|Any CPU
		{1621C73B-78AB-4296-B9D5-E4652CCEC229}.Release|Any CPU.ActiveCfg = Release|Any CPU
		{1621C73B-78AB-4296-B9D5-E4652CCEC229}.Release|Any CPU.Build.0 = Release|Any CPU
		{8464F64E-186E-4D0C-A19A-344FDB9B80A5}.Debug|Any CPU.ActiveCfg = Debug|Any CPU
		{8464F64E-186E-4D0C-A19A-344FDB9B80A5}.Debug|Any CPU.Build.0 = Debug|Any CPU
		{8464F64E-186E-4D0C-A19A-344FDB9B80A5}.Release|Any CPU.ActiveCfg = Release|Any CPU
		{8464F64E-186E-4D0C-A19A-344FDB9B80A5}.Release|Any CPU.Build.0 = Release|Any CPU
		{4A8915BF-970F-4AD0-8CDA-395560FCFF40}.Debug|Any CPU.ActiveCfg = Debug|Any CPU
		{4A8915BF-970F-4AD0-8CDA-395560FCFF40}.Debug|Any CPU.Build.0 = Debug|Any CPU
		{4A8915BF-970F-4AD0-8CDA-395560FCFF40}.Release|Any CPU.ActiveCfg = Release|Any CPU
		{4A8915BF-970F-4AD0-8CDA-395560FCFF40}.Release|Any CPU.Build.0 = Release|Any CPU
		{BE9FA2A4-E88E-402F-AB90-905964C6FF11}.Debug|Any CPU.ActiveCfg = Debug|Any CPU
		{BE9FA2A4-E88E-402F-AB90-905964C6FF11}.Debug|Any CPU.Build.0 = Debug|Any CPU
		{BE9FA2A4-E88E-402F-AB90-905964C6FF11}.Release|Any CPU.ActiveCfg = Release|Any CPU
		{BE9FA2A4-E88E-402F-AB90-905964C6FF11}.Release|Any CPU.Build.0 = Release|Any CPU
		{DD3F99E0-1E7D-4024-898E-ED1B44D82F43}.Debug|Any CPU.ActiveCfg = Debug|Any CPU
		{DD3F99E0-1E7D-4024-898E-ED1B44D82F43}.Debug|Any CPU.Build.0 = Debug|Any CPU
		{DD3F99E0-1E7D-4024-898E-ED1B44D82F43}.Release|Any CPU.ActiveCfg = Release|Any CPU
		{DD3F99E0-1E7D-4024-898E-ED1B44D82F43}.Release|Any CPU.Build.0 = Release|Any CPU
		{50AEB205-15D9-4969-94B2-CE3D04057859}.Debug|Any CPU.ActiveCfg = Debug|Any CPU
		{50AEB205-15D9-4969-94B2-CE3D04057859}.Debug|Any CPU.Build.0 = Debug|Any CPU
		{50AEB205-15D9-4969-94B2-CE3D04057859}.Release|Any CPU.ActiveCfg = Release|Any CPU
		{50AEB205-15D9-4969-94B2-CE3D04057859}.Release|Any CPU.Build.0 = Release|Any CPU
		{B98E816A-E2BF-4FEF-97B8-38A8358AD5A3}.Debug|Any CPU.ActiveCfg = Debug|Any CPU
		{B98E816A-E2BF-4FEF-97B8-38A8358AD5A3}.Debug|Any CPU.Build.0 = Debug|Any CPU
		{B98E816A-E2BF-4FEF-97B8-38A8358AD5A3}.Release|Any CPU.ActiveCfg = Release|Any CPU
		{B98E816A-E2BF-4FEF-97B8-38A8358AD5A3}.Release|Any CPU.Build.0 = Release|Any CPU
		{3B9D4214-CD0C-4F0D-B61B-3CC00B15B050}.Debug|Any CPU.ActiveCfg = Debug|Any CPU
		{3B9D4214-CD0C-4F0D-B61B-3CC00B15B050}.Debug|Any CPU.Build.0 = Debug|Any CPU
		{3B9D4214-CD0C-4F0D-B61B-3CC00B15B050}.Release|Any CPU.ActiveCfg = Release|Any CPU
		{3B9D4214-CD0C-4F0D-B61B-3CC00B15B050}.Release|Any CPU.Build.0 = Release|Any CPU
		{5641E9B1-4A0B-48DF-87B1-8AAAB43AD4BC}.Debug|Any CPU.ActiveCfg = Debug|Any CPU
		{5641E9B1-4A0B-48DF-87B1-8AAAB43AD4BC}.Debug|Any CPU.Build.0 = Debug|Any CPU
		{5641E9B1-4A0B-48DF-87B1-8AAAB43AD4BC}.Release|Any CPU.ActiveCfg = Release|Any CPU
		{5641E9B1-4A0B-48DF-87B1-8AAAB43AD4BC}.Release|Any CPU.Build.0 = Release|Any CPU
		{880B7FF4-8F25-485B-9CF0-D71DD995A92B}.Debug|Any CPU.ActiveCfg = Debug|Any CPU
		{880B7FF4-8F25-485B-9CF0-D71DD995A92B}.Debug|Any CPU.Build.0 = Debug|Any CPU
		{880B7FF4-8F25-485B-9CF0-D71DD995A92B}.Release|Any CPU.ActiveCfg = Release|Any CPU
		{880B7FF4-8F25-485B-9CF0-D71DD995A92B}.Release|Any CPU.Build.0 = Release|Any CPU
		{35FABA48-09D2-4D66-BE1A-06324519A817}.Debug|Any CPU.ActiveCfg = Debug|Any CPU
		{35FABA48-09D2-4D66-BE1A-06324519A817}.Debug|Any CPU.Build.0 = Debug|Any CPU
		{35FABA48-09D2-4D66-BE1A-06324519A817}.Release|Any CPU.ActiveCfg = Release|Any CPU
		{35FABA48-09D2-4D66-BE1A-06324519A817}.Release|Any CPU.Build.0 = Release|Any CPU
		{DF8A1D58-CCFE-4AC7-A780-1C063F6F9502}.Debug|Any CPU.ActiveCfg = Debug|Any CPU
		{DF8A1D58-CCFE-4AC7-A780-1C063F6F9502}.Debug|Any CPU.Build.0 = Debug|Any CPU
		{DF8A1D58-CCFE-4AC7-A780-1C063F6F9502}.Release|Any CPU.ActiveCfg = Release|Any CPU
		{DF8A1D58-CCFE-4AC7-A780-1C063F6F9502}.Release|Any CPU.Build.0 = Release|Any CPU
		{F873CA88-E8CF-436D-9FAF-C950832042C2}.Debug|Any CPU.ActiveCfg = Debug|Any CPU
		{F873CA88-E8CF-436D-9FAF-C950832042C2}.Debug|Any CPU.Build.0 = Debug|Any CPU
		{F873CA88-E8CF-436D-9FAF-C950832042C2}.Release|Any CPU.ActiveCfg = Release|Any CPU
		{F873CA88-E8CF-436D-9FAF-C950832042C2}.Release|Any CPU.Build.0 = Release|Any CPU
		{5776C999-17A5-4644-882B-DD260AAB6D84}.Debug|Any CPU.ActiveCfg = Debug|Any CPU
		{5776C999-17A5-4644-882B-DD260AAB6D84}.Debug|Any CPU.Build.0 = Debug|Any CPU
		{5776C999-17A5-4644-882B-DD260AAB6D84}.Release|Any CPU.ActiveCfg = Release|Any CPU
		{5776C999-17A5-4644-882B-DD260AAB6D84}.Release|Any CPU.Build.0 = Release|Any CPU
		{C0E5B4CB-ECEE-4E8C-B5FB-A97480629A78}.Debug|Any CPU.ActiveCfg = Debug|Any CPU
		{C0E5B4CB-ECEE-4E8C-B5FB-A97480629A78}.Debug|Any CPU.Build.0 = Debug|Any CPU
		{C0E5B4CB-ECEE-4E8C-B5FB-A97480629A78}.Release|Any CPU.ActiveCfg = Release|Any CPU
		{C0E5B4CB-ECEE-4E8C-B5FB-A97480629A78}.Release|Any CPU.Build.0 = Release|Any CPU
		{7EDC3376-A0BD-4ADF-BBBC-9A4FD88893F5}.Debug|Any CPU.ActiveCfg = Debug|Any CPU
		{7EDC3376-A0BD-4ADF-BBBC-9A4FD88893F5}.Debug|Any CPU.Build.0 = Debug|Any CPU
		{7EDC3376-A0BD-4ADF-BBBC-9A4FD88893F5}.Release|Any CPU.ActiveCfg = Release|Any CPU
		{7EDC3376-A0BD-4ADF-BBBC-9A4FD88893F5}.Release|Any CPU.Build.0 = Release|Any CPU
		{39416E0F-3DE2-4633-943C-7A0C20AA5E78}.Debug|Any CPU.ActiveCfg = Debug|Any CPU
		{39416E0F-3DE2-4633-943C-7A0C20AA5E78}.Debug|Any CPU.Build.0 = Debug|Any CPU
		{39416E0F-3DE2-4633-943C-7A0C20AA5E78}.Release|Any CPU.ActiveCfg = Release|Any CPU
		{39416E0F-3DE2-4633-943C-7A0C20AA5E78}.Release|Any CPU.Build.0 = Release|Any CPU
		{FA299C8A-6B70-40B0-9E95-893CB267C214}.Debug|Any CPU.ActiveCfg = Debug|Any CPU
		{FA299C8A-6B70-40B0-9E95-893CB267C214}.Debug|Any CPU.Build.0 = Debug|Any CPU
		{FA299C8A-6B70-40B0-9E95-893CB267C214}.Release|Any CPU.ActiveCfg = Release|Any CPU
		{FA299C8A-6B70-40B0-9E95-893CB267C214}.Release|Any CPU.Build.0 = Release|Any CPU
		{3141AA3B-2077-45AE-8143-5208801FFF50}.Debug|Any CPU.ActiveCfg = Debug|Any CPU
		{3141AA3B-2077-45AE-8143-5208801FFF50}.Debug|Any CPU.Build.0 = Debug|Any CPU
		{3141AA3B-2077-45AE-8143-5208801FFF50}.Release|Any CPU.ActiveCfg = Release|Any CPU
		{3141AA3B-2077-45AE-8143-5208801FFF50}.Release|Any CPU.Build.0 = Release|Any CPU
		{2E2CA73F-6D62-4B02-A097-D885DB783819}.Debug|Any CPU.ActiveCfg = Debug|Any CPU
		{2E2CA73F-6D62-4B02-A097-D885DB783819}.Debug|Any CPU.Build.0 = Debug|Any CPU
		{2E2CA73F-6D62-4B02-A097-D885DB783819}.Release|Any CPU.ActiveCfg = Release|Any CPU
		{2E2CA73F-6D62-4B02-A097-D885DB783819}.Release|Any CPU.Build.0 = Release|Any CPU
		{CAE0EF35-3178-486E-A11D-778359D6DB7C}.Debug|Any CPU.ActiveCfg = Debug|Any CPU
		{CAE0EF35-3178-486E-A11D-778359D6DB7C}.Debug|Any CPU.Build.0 = Debug|Any CPU
		{CAE0EF35-3178-486E-A11D-778359D6DB7C}.Release|Any CPU.ActiveCfg = Release|Any CPU
		{CAE0EF35-3178-486E-A11D-778359D6DB7C}.Release|Any CPU.Build.0 = Release|Any CPU
		{FA61D92B-714D-4656-803E-1C24AAEB536E}.Debug|Any CPU.ActiveCfg = Debug|Any CPU
		{FA61D92B-714D-4656-803E-1C24AAEB536E}.Debug|Any CPU.Build.0 = Debug|Any CPU
		{FA61D92B-714D-4656-803E-1C24AAEB536E}.Release|Any CPU.ActiveCfg = Release|Any CPU
		{FA61D92B-714D-4656-803E-1C24AAEB536E}.Release|Any CPU.Build.0 = Release|Any CPU
		{0CE93197-ED45-4C35-8757-7625F6FB4ACB}.Debug|Any CPU.ActiveCfg = Debug|Any CPU
		{0CE93197-ED45-4C35-8757-7625F6FB4ACB}.Debug|Any CPU.Build.0 = Debug|Any CPU
		{0CE93197-ED45-4C35-8757-7625F6FB4ACB}.Release|Any CPU.ActiveCfg = Release|Any CPU
		{0CE93197-ED45-4C35-8757-7625F6FB4ACB}.Release|Any CPU.Build.0 = Release|Any CPU
		{5080F7A0-C231-43FD-8D64-0CB348692DAC}.Debug|Any CPU.ActiveCfg = Debug|Any CPU
		{5080F7A0-C231-43FD-8D64-0CB348692DAC}.Debug|Any CPU.Build.0 = Debug|Any CPU
		{5080F7A0-C231-43FD-8D64-0CB348692DAC}.Release|Any CPU.ActiveCfg = Release|Any CPU
		{5080F7A0-C231-43FD-8D64-0CB348692DAC}.Release|Any CPU.Build.0 = Release|Any CPU
		{48F09D6F-8772-4612-8BC2-849C0589C4B3}.Debug|Any CPU.ActiveCfg = Debug|Any CPU
		{48F09D6F-8772-4612-8BC2-849C0589C4B3}.Debug|Any CPU.Build.0 = Debug|Any CPU
		{48F09D6F-8772-4612-8BC2-849C0589C4B3}.Release|Any CPU.ActiveCfg = Release|Any CPU
		{48F09D6F-8772-4612-8BC2-849C0589C4B3}.Release|Any CPU.Build.0 = Release|Any CPU
		{0F1E582F-E4B3-4CD5-9B01-0E06B727CED2}.Debug|Any CPU.ActiveCfg = Debug|Any CPU
		{0F1E582F-E4B3-4CD5-9B01-0E06B727CED2}.Debug|Any CPU.Build.0 = Debug|Any CPU
		{0F1E582F-E4B3-4CD5-9B01-0E06B727CED2}.Release|Any CPU.ActiveCfg = Release|Any CPU
		{0F1E582F-E4B3-4CD5-9B01-0E06B727CED2}.Release|Any CPU.Build.0 = Release|Any CPU
		{91DE8447-A92C-427B-B9F5-834C874CF9AB}.Debug|Any CPU.ActiveCfg = Debug|Any CPU
		{91DE8447-A92C-427B-B9F5-834C874CF9AB}.Debug|Any CPU.Build.0 = Debug|Any CPU
		{91DE8447-A92C-427B-B9F5-834C874CF9AB}.Release|Any CPU.ActiveCfg = Release|Any CPU
		{91DE8447-A92C-427B-B9F5-834C874CF9AB}.Release|Any CPU.Build.0 = Release|Any CPU
		{D0D5E5D3-0788-4FEF-A462-0F94A53BC44F}.Debug|Any CPU.ActiveCfg = Debug|Any CPU
		{D0D5E5D3-0788-4FEF-A462-0F94A53BC44F}.Debug|Any CPU.Build.0 = Debug|Any CPU
		{D0D5E5D3-0788-4FEF-A462-0F94A53BC44F}.Release|Any CPU.ActiveCfg = Release|Any CPU
		{D0D5E5D3-0788-4FEF-A462-0F94A53BC44F}.Release|Any CPU.Build.0 = Release|Any CPU
		{FC0528F4-D5CD-43C2-921A-401E6868FDEA}.Debug|Any CPU.ActiveCfg = Debug|Any CPU
		{FC0528F4-D5CD-43C2-921A-401E6868FDEA}.Debug|Any CPU.Build.0 = Debug|Any CPU
		{FC0528F4-D5CD-43C2-921A-401E6868FDEA}.Release|Any CPU.ActiveCfg = Release|Any CPU
		{FC0528F4-D5CD-43C2-921A-401E6868FDEA}.Release|Any CPU.Build.0 = Release|Any CPU
		{7F123B54-C4B5-4513-9EF6-1A127D24B30E}.Debug|Any CPU.ActiveCfg = Debug|Any CPU
		{7F123B54-C4B5-4513-9EF6-1A127D24B30E}.Debug|Any CPU.Build.0 = Debug|Any CPU
		{7F123B54-C4B5-4513-9EF6-1A127D24B30E}.Release|Any CPU.ActiveCfg = Release|Any CPU
		{7F123B54-C4B5-4513-9EF6-1A127D24B30E}.Release|Any CPU.Build.0 = Release|Any CPU
		{9C1004CF-2F38-4037-86CE-F8925A8AE298}.Debug|Any CPU.ActiveCfg = Debug|Any CPU
		{9C1004CF-2F38-4037-86CE-F8925A8AE298}.Debug|Any CPU.Build.0 = Debug|Any CPU
		{9C1004CF-2F38-4037-86CE-F8925A8AE298}.Release|Any CPU.ActiveCfg = Release|Any CPU
		{9C1004CF-2F38-4037-86CE-F8925A8AE298}.Release|Any CPU.Build.0 = Release|Any CPU
	EndGlobalSection
	GlobalSection(NestedProjects) = preSolution
		{D2C8CC11-7FD4-445B-B3EF-13D158EE0044} = {0D3C1D17-E2B1-4FE9-B41C-E1C2D430A62E}
		{5A990B56-56E3-4879-8DF0-26E3EA3BFE70} = {0D3C1D17-E2B1-4FE9-B41C-E1C2D430A62E}
		{02240A9B-D23C-49F1-8029-1CFAE2AA206C} = {0D3C1D17-E2B1-4FE9-B41C-E1C2D430A62E}
		{4A59665E-22E8-4536-87FC-0B7DC7D3C528} = {0D3C1D17-E2B1-4FE9-B41C-E1C2D430A62E}
		{11B108B6-07EF-462D-98A9-E5734F2EBA8B} = {EEF246B4-73EA-43D0-A388-7386AB4456D1}
		{27D6E25B-D216-4CCA-B5FD-F9F8E044EBDD} = {EEF246B4-73EA-43D0-A388-7386AB4456D1}
		{BF7EAB0D-0EAF-437E-A284-13DDADE3EEF9} = {EEF246B4-73EA-43D0-A388-7386AB4456D1}
		{97B6916F-2DAA-4D88-9B75-5AB6395529E6} = {EEF246B4-73EA-43D0-A388-7386AB4456D1}
		{7F5EBC6E-179F-4077-B89A-0DB028E9F1E2} = {EEF246B4-73EA-43D0-A388-7386AB4456D1}
		{7EF762DB-7D44-413D-968E-3A75837EC7C8} = {EEF246B4-73EA-43D0-A388-7386AB4456D1}
		{D10F87DD-B828-4C0C-9568-C6D54AC04DE4} = {EEF246B4-73EA-43D0-A388-7386AB4456D1}
		{021A576B-0770-4E9E-8DF7-EEAB04777697} = {EEF246B4-73EA-43D0-A388-7386AB4456D1}
		{1621C73B-78AB-4296-B9D5-E4652CCEC229} = {EEF246B4-73EA-43D0-A388-7386AB4456D1}
		{8464F64E-186E-4D0C-A19A-344FDB9B80A5} = {EEF246B4-73EA-43D0-A388-7386AB4456D1}
		{4A8915BF-970F-4AD0-8CDA-395560FCFF40} = {EEF246B4-73EA-43D0-A388-7386AB4456D1}
		{BE9FA2A4-E88E-402F-AB90-905964C6FF11} = {EEF246B4-73EA-43D0-A388-7386AB4456D1}
		{DD3F99E0-1E7D-4024-898E-ED1B44D82F43} = {EEF246B4-73EA-43D0-A388-7386AB4456D1}
		{50AEB205-15D9-4969-94B2-CE3D04057859} = {EEF246B4-73EA-43D0-A388-7386AB4456D1}
		{B98E816A-E2BF-4FEF-97B8-38A8358AD5A3} = {EEF246B4-73EA-43D0-A388-7386AB4456D1}
		{3B9D4214-CD0C-4F0D-B61B-3CC00B15B050} = {4DB379C3-1390-410B-A3CE-089B9CCC8736}
		{5641E9B1-4A0B-48DF-87B1-8AAAB43AD4BC} = {4DB379C3-1390-410B-A3CE-089B9CCC8736}
		{880B7FF4-8F25-485B-9CF0-D71DD995A92B} = {4DB379C3-1390-410B-A3CE-089B9CCC8736}
		{35FABA48-09D2-4D66-BE1A-06324519A817} = {4DB379C3-1390-410B-A3CE-089B9CCC8736}
		{DF8A1D58-CCFE-4AC7-A780-1C063F6F9502} = {4DB379C3-1390-410B-A3CE-089B9CCC8736}
		{F873CA88-E8CF-436D-9FAF-C950832042C2} = {4DB379C3-1390-410B-A3CE-089B9CCC8736}
		{5776C999-17A5-4644-882B-DD260AAB6D84} = {4DB379C3-1390-410B-A3CE-089B9CCC8736}
		{C0E5B4CB-ECEE-4E8C-B5FB-A97480629A78} = {4DB379C3-1390-410B-A3CE-089B9CCC8736}
		{7EDC3376-A0BD-4ADF-BBBC-9A4FD88893F5} = {4DB379C3-1390-410B-A3CE-089B9CCC8736}
		{39416E0F-3DE2-4633-943C-7A0C20AA5E78} = {4DB379C3-1390-410B-A3CE-089B9CCC8736}
		{FA299C8A-6B70-40B0-9E95-893CB267C214} = {4DB379C3-1390-410B-A3CE-089B9CCC8736}
		{3141AA3B-2077-45AE-8143-5208801FFF50} = {4DB379C3-1390-410B-A3CE-089B9CCC8736}
		{2E2CA73F-6D62-4B02-A097-D885DB783819} = {4DB379C3-1390-410B-A3CE-089B9CCC8736}
		{CAE0EF35-3178-486E-A11D-778359D6DB7C} = {4DB379C3-1390-410B-A3CE-089B9CCC8736}
		{FA61D92B-714D-4656-803E-1C24AAEB536E} = {4DB379C3-1390-410B-A3CE-089B9CCC8736}
		{0CE93197-ED45-4C35-8757-7625F6FB4ACB} = {4DB379C3-1390-410B-A3CE-089B9CCC8736}
		{5080F7A0-C231-43FD-8D64-0CB348692DAC} = {4DB379C3-1390-410B-A3CE-089B9CCC8736}
		{48F09D6F-8772-4612-8BC2-849C0589C4B3} = {CCD7C58F-9D59-4B98-8B3A-E9D4FFE6E4F2}
		{0F1E582F-E4B3-4CD5-9B01-0E06B727CED2} = {CCD7C58F-9D59-4B98-8B3A-E9D4FFE6E4F2}
		{91DE8447-A92C-427B-B9F5-834C874CF9AB} = {CCD7C58F-9D59-4B98-8B3A-E9D4FFE6E4F2}
		{D0D5E5D3-0788-4FEF-A462-0F94A53BC44F} = {CCD7C58F-9D59-4B98-8B3A-E9D4FFE6E4F2}
		{FC0528F4-D5CD-43C2-921A-401E6868FDEA} = {CCD7C58F-9D59-4B98-8B3A-E9D4FFE6E4F2}
		{7F123B54-C4B5-4513-9EF6-1A127D24B30E} = {CCD7C58F-9D59-4B98-8B3A-E9D4FFE6E4F2}
		{9C1004CF-2F38-4037-86CE-F8925A8AE298} = {CCD7C58F-9D59-4B98-8B3A-E9D4FFE6E4F2}
	EndGlobalSection
EndGlobal
